
Microsoft Visual Studio Solution File, Format Version 12.00
# Visual Studio 14
VisualStudioVersion = 14.0.25420.1
MinimumVisualStudioVersion = 10.0.40219.1
Project("{FAE04EC0-301F-11D3-BF4B-00C04F79EFBC}") = "XNews.Android", "XNews\XNews.Android\XNews.Android.csproj", "{3416B64E-8219-45D7-B1EB-D7DFD1508BE9}"
EndProject
Project("{FAE04EC0-301F-11D3-BF4B-00C04F79EFBC}") = "XNews", "XNews\XNews\XNews.csproj", "{20DC264C-E6AB-45E5-AFA1-5824EBCCCEAD}"
EndProject
Project("{FAE04EC0-301F-11D3-BF4B-00C04F79EFBC}") = "XNews.iOS", "XNews\XNews.iOS\XNews.iOS.csproj", "{42F2308D-ECE7-4EDD-B7BF-E9BB262CFED7}"
EndProject
Global
	GlobalSection(SolutionConfigurationPlatforms) = preSolution
		Ad-Hoc|Any CPU = Ad-Hoc|Any CPU
		Ad-Hoc|ARM = Ad-Hoc|ARM
		Ad-Hoc|iPhone = Ad-Hoc|iPhone
		Ad-Hoc|iPhoneSimulator = Ad-Hoc|iPhoneSimulator
		Ad-Hoc|x64 = Ad-Hoc|x64
		Ad-Hoc|x86 = Ad-Hoc|x86
		AppStore|Any CPU = AppStore|Any CPU
		AppStore|ARM = AppStore|ARM
		AppStore|iPhone = AppStore|iPhone
		AppStore|iPhoneSimulator = AppStore|iPhoneSimulator
		AppStore|x64 = AppStore|x64
		AppStore|x86 = AppStore|x86
		Debug|Any CPU = Debug|Any CPU
		Debug|ARM = Debug|ARM
		Debug|iPhone = Debug|iPhone
		Debug|iPhoneSimulator = Debug|iPhoneSimulator
		Debug|x64 = Debug|x64
		Debug|x86 = Debug|x86
		Release|Any CPU = Release|Any CPU
		Release|ARM = Release|ARM
		Release|iPhone = Release|iPhone
		Release|iPhoneSimulator = Release|iPhoneSimulator
		Release|x64 = Release|x64
		Release|x86 = Release|x86
	EndGlobalSection
	GlobalSection(ProjectConfigurationPlatforms) = postSolution
		{3416B64E-8219-45D7-B1EB-D7DFD1508BE9}.Ad-Hoc|Any CPU.ActiveCfg = Release|Any CPU
		{3416B64E-8219-45D7-B1EB-D7DFD1508BE9}.Ad-Hoc|Any CPU.Build.0 = Release|Any CPU
		{3416B64E-8219-45D7-B1EB-D7DFD1508BE9}.Ad-Hoc|Any CPU.Deploy.0 = Release|Any CPU
		{3416B64E-8219-45D7-B1EB-D7DFD1508BE9}.Ad-Hoc|ARM.ActiveCfg = Release|Any CPU
		{3416B64E-8219-45D7-B1EB-D7DFD1508BE9}.Ad-Hoc|ARM.Build.0 = Release|Any CPU
		{3416B64E-8219-45D7-B1EB-D7DFD1508BE9}.Ad-Hoc|ARM.Deploy.0 = Release|Any CPU
		{3416B64E-8219-45D7-B1EB-D7DFD1508BE9}.Ad-Hoc|iPhone.ActiveCfg = Release|Any CPU
		{3416B64E-8219-45D7-B1EB-D7DFD1508BE9}.Ad-Hoc|iPhone.Build.0 = Release|Any CPU
		{3416B64E-8219-45D7-B1EB-D7DFD1508BE9}.Ad-Hoc|iPhone.Deploy.0 = Release|Any CPU
		{3416B64E-8219-45D7-B1EB-D7DFD1508BE9}.Ad-Hoc|iPhoneSimulator.ActiveCfg = Release|Any CPU
		{3416B64E-8219-45D7-B1EB-D7DFD1508BE9}.Ad-Hoc|iPhoneSimulator.Build.0 = Release|Any CPU
		{3416B64E-8219-45D7-B1EB-D7DFD1508BE9}.Ad-Hoc|iPhoneSimulator.Deploy.0 = Release|Any CPU
		{3416B64E-8219-45D7-B1EB-D7DFD1508BE9}.Ad-Hoc|x64.ActiveCfg = Release|Any CPU
		{3416B64E-8219-45D7-B1EB-D7DFD1508BE9}.Ad-Hoc|x64.Build.0 = Release|Any CPU
		{3416B64E-8219-45D7-B1EB-D7DFD1508BE9}.Ad-Hoc|x64.Deploy.0 = Release|Any CPU
		{3416B64E-8219-45D7-B1EB-D7DFD1508BE9}.Ad-Hoc|x86.ActiveCfg = Release|Any CPU
		{3416B64E-8219-45D7-B1EB-D7DFD1508BE9}.Ad-Hoc|x86.Build.0 = Release|Any CPU
		{3416B64E-8219-45D7-B1EB-D7DFD1508BE9}.Ad-Hoc|x86.Deploy.0 = Release|Any CPU
		{3416B64E-8219-45D7-B1EB-D7DFD1508BE9}.AppStore|Any CPU.ActiveCfg = Release|Any CPU
		{3416B64E-8219-45D7-B1EB-D7DFD1508BE9}.AppStore|Any CPU.Build.0 = Release|Any CPU
		{3416B64E-8219-45D7-B1EB-D7DFD1508BE9}.AppStore|Any CPU.Deploy.0 = Release|Any CPU
		{3416B64E-8219-45D7-B1EB-D7DFD1508BE9}.AppStore|ARM.ActiveCfg = Release|Any CPU
		{3416B64E-8219-45D7-B1EB-D7DFD1508BE9}.AppStore|ARM.Build.0 = Release|Any CPU
		{3416B64E-8219-45D7-B1EB-D7DFD1508BE9}.AppStore|ARM.Deploy.0 = Release|Any CPU
		{3416B64E-8219-45D7-B1EB-D7DFD1508BE9}.AppStore|iPhone.ActiveCfg = Release|Any CPU
		{3416B64E-8219-45D7-B1EB-D7DFD1508BE9}.AppStore|iPhone.Build.0 = Release|Any CPU
		{3416B64E-8219-45D7-B1EB-D7DFD1508BE9}.AppStore|iPhone.Deploy.0 = Release|Any CPU
		{3416B64E-8219-45D7-B1EB-D7DFD1508BE9}.AppStore|iPhoneSimulator.ActiveCfg = Release|Any CPU
		{3416B64E-8219-45D7-B1EB-D7DFD1508BE9}.AppStore|iPhoneSimulator.Build.0 = Release|Any CPU
		{3416B64E-8219-45D7-B1EB-D7DFD1508BE9}.AppStore|iPhoneSimulator.Deploy.0 = Release|Any CPU
		{3416B64E-8219-45D7-B1EB-D7DFD1508BE9}.AppStore|x64.ActiveCfg = Release|Any CPU
		{3416B64E-8219-45D7-B1EB-D7DFD1508BE9}.AppStore|x64.Build.0 = Release|Any CPU
		{3416B64E-8219-45D7-B1EB-D7DFD1508BE9}.AppStore|x64.Deploy.0 = Release|Any CPU
		{3416B64E-8219-45D7-B1EB-D7DFD1508BE9}.AppStore|x86.ActiveCfg = Release|Any CPU
		{3416B64E-8219-45D7-B1EB-D7DFD1508BE9}.AppStore|x86.Build.0 = Release|Any CPU
		{3416B64E-8219-45D7-B1EB-D7DFD1508BE9}.AppStore|x86.Deploy.0 = Release|Any CPU
		{3416B64E-8219-45D7-B1EB-D7DFD1508BE9}.Debug|Any CPU.ActiveCfg = Debug|Any CPU
		{3416B64E-8219-45D7-B1EB-D7DFD1508BE9}.Debug|Any CPU.Build.0 = Debug|Any CPU
		{3416B64E-8219-45D7-B1EB-D7DFD1508BE9}.Debug|Any CPU.Deploy.0 = Debug|Any CPU
		{3416B64E-8219-45D7-B1EB-D7DFD1508BE9}.Debug|ARM.ActiveCfg = Debug|Any CPU
		{3416B64E-8219-45D7-B1EB-D7DFD1508BE9}.Debug|ARM.Build.0 = Debug|Any CPU
		{3416B64E-8219-45D7-B1EB-D7DFD1508BE9}.Debug|ARM.Deploy.0 = Debug|Any CPU
		{3416B64E-8219-45D7-B1EB-D7DFD1508BE9}.Debug|iPhone.ActiveCfg = Debug|Any CPU
		{3416B64E-8219-45D7-B1EB-D7DFD1508BE9}.Debug|iPhone.Build.0 = Debug|Any CPU
		{3416B64E-8219-45D7-B1EB-D7DFD1508BE9}.Debug|iPhone.Deploy.0 = Debug|Any CPU
		{3416B64E-8219-45D7-B1EB-D7DFD1508BE9}.Debug|iPhoneSimulator.ActiveCfg = Debug|Any CPU
		{3416B64E-8219-45D7-B1EB-D7DFD1508BE9}.Debug|iPhoneSimulator.Build.0 = Debug|Any CPU
		{3416B64E-8219-45D7-B1EB-D7DFD1508BE9}.Debug|iPhoneSimulator.Deploy.0 = Debug|Any CPU
		{3416B64E-8219-45D7-B1EB-D7DFD1508BE9}.Debug|x64.ActiveCfg = Debug|Any CPU
		{3416B64E-8219-45D7-B1EB-D7DFD1508BE9}.Debug|x64.Build.0 = Debug|Any CPU
		{3416B64E-8219-45D7-B1EB-D7DFD1508BE9}.Debug|x64.Deploy.0 = Debug|Any CPU
		{3416B64E-8219-45D7-B1EB-D7DFD1508BE9}.Debug|x86.ActiveCfg = Debug|Any CPU
		{3416B64E-8219-45D7-B1EB-D7DFD1508BE9}.Debug|x86.Build.0 = Debug|Any CPU
		{3416B64E-8219-45D7-B1EB-D7DFD1508BE9}.Debug|x86.Deploy.0 = Debug|Any CPU
		{3416B64E-8219-45D7-B1EB-D7DFD1508BE9}.Release|Any CPU.ActiveCfg = Release|Any CPU
		{3416B64E-8219-45D7-B1EB-D7DFD1508BE9}.Release|Any CPU.Build.0 = Release|Any CPU
		{3416B64E-8219-45D7-B1EB-D7DFD1508BE9}.Release|Any CPU.Deploy.0 = Release|Any CPU
		{3416B64E-8219-45D7-B1EB-D7DFD1508BE9}.Release|ARM.ActiveCfg = Release|Any CPU
		{3416B64E-8219-45D7-B1EB-D7DFD1508BE9}.Release|ARM.Build.0 = Release|Any CPU
		{3416B64E-8219-45D7-B1EB-D7DFD1508BE9}.Release|ARM.Deploy.0 = Release|Any CPU
		{3416B64E-8219-45D7-B1EB-D7DFD1508BE9}.Release|iPhone.ActiveCfg = Release|Any CPU
		{3416B64E-8219-45D7-B1EB-D7DFD1508BE9}.Release|iPhone.Build.0 = Release|Any CPU
		{3416B64E-8219-45D7-B1EB-D7DFD1508BE9}.Release|iPhone.Deploy.0 = Release|Any CPU
		{3416B64E-8219-45D7-B1EB-D7DFD1508BE9}.Release|iPhoneSimulator.ActiveCfg = Release|Any CPU
		{3416B64E-8219-45D7-B1EB-D7DFD1508BE9}.Release|iPhoneSimulator.Build.0 = Release|Any CPU
		{3416B64E-8219-45D7-B1EB-D7DFD1508BE9}.Release|iPhoneSimulator.Deploy.0 = Release|Any CPU
		{3416B64E-8219-45D7-B1EB-D7DFD1508BE9}.Release|x64.ActiveCfg = Release|Any CPU
		{3416B64E-8219-45D7-B1EB-D7DFD1508BE9}.Release|x64.Build.0 = Release|Any CPU
		{3416B64E-8219-45D7-B1EB-D7DFD1508BE9}.Release|x64.Deploy.0 = Release|Any CPU
		{3416B64E-8219-45D7-B1EB-D7DFD1508BE9}.Release|x86.ActiveCfg = Release|Any CPU
		{3416B64E-8219-45D7-B1EB-D7DFD1508BE9}.Release|x86.Build.0 = Release|Any CPU
		{3416B64E-8219-45D7-B1EB-D7DFD1508BE9}.Release|x86.Deploy.0 = Release|Any CPU
		{20DC264C-E6AB-45E5-AFA1-5824EBCCCEAD}.Ad-Hoc|Any CPU.ActiveCfg = Release|Any CPU
		{20DC264C-E6AB-45E5-AFA1-5824EBCCCEAD}.Ad-Hoc|Any CPU.Build.0 = Release|Any CPU
		{20DC264C-E6AB-45E5-AFA1-5824EBCCCEAD}.Ad-Hoc|ARM.ActiveCfg = Release|Any CPU
		{20DC264C-E6AB-45E5-AFA1-5824EBCCCEAD}.Ad-Hoc|ARM.Build.0 = Release|Any CPU
		{20DC264C-E6AB-45E5-AFA1-5824EBCCCEAD}.Ad-Hoc|iPhone.ActiveCfg = Release|Any CPU
		{20DC264C-E6AB-45E5-AFA1-5824EBCCCEAD}.Ad-Hoc|iPhone.Build.0 = Release|Any CPU
		{20DC264C-E6AB-45E5-AFA1-5824EBCCCEAD}.Ad-Hoc|iPhoneSimulator.ActiveCfg = Release|Any CPU
		{20DC264C-E6AB-45E5-AFA1-5824EBCCCEAD}.Ad-Hoc|iPhoneSimulator.Build.0 = Release|Any CPU
		{20DC264C-E6AB-45E5-AFA1-5824EBCCCEAD}.Ad-Hoc|x64.ActiveCfg = Release|Any CPU
		{20DC264C-E6AB-45E5-AFA1-5824EBCCCEAD}.Ad-Hoc|x64.Build.0 = Release|Any CPU
		{20DC264C-E6AB-45E5-AFA1-5824EBCCCEAD}.Ad-Hoc|x86.ActiveCfg = Release|Any CPU
		{20DC264C-E6AB-45E5-AFA1-5824EBCCCEAD}.Ad-Hoc|x86.Build.0 = Release|Any CPU
		{20DC264C-E6AB-45E5-AFA1-5824EBCCCEAD}.AppStore|Any CPU.ActiveCfg = Release|Any CPU
		{20DC264C-E6AB-45E5-AFA1-5824EBCCCEAD}.AppStore|Any CPU.Build.0 = Release|Any CPU
		{20DC264C-E6AB-45E5-AFA1-5824EBCCCEAD}.AppStore|ARM.ActiveCfg = Release|Any CPU
		{20DC264C-E6AB-45E5-AFA1-5824EBCCCEAD}.AppStore|ARM.Build.0 = Release|Any CPU
		{20DC264C-E6AB-45E5-AFA1-5824EBCCCEAD}.AppStore|iPhone.ActiveCfg = Release|Any CPU
		{20DC264C-E6AB-45E5-AFA1-5824EBCCCEAD}.AppStore|iPhone.Build.0 = Release|Any CPU
		{20DC264C-E6AB-45E5-AFA1-5824EBCCCEAD}.AppStore|iPhoneSimulator.ActiveCfg = Release|Any CPU
		{20DC264C-E6AB-45E5-AFA1-5824EBCCCEAD}.AppStore|iPhoneSimulator.Build.0 = Release|Any CPU
		{20DC264C-E6AB-45E5-AFA1-5824EBCCCEAD}.AppStore|x64.ActiveCfg = Release|Any CPU
		{20DC264C-E6AB-45E5-AFA1-5824EBCCCEAD}.AppStore|x64.Build.0 = Release|Any CPU
		{20DC264C-E6AB-45E5-AFA1-5824EBCCCEAD}.AppStore|x86.ActiveCfg = Release|Any CPU
		{20DC264C-E6AB-45E5-AFA1-5824EBCCCEAD}.AppStore|x86.Build.0 = Release|Any CPU
		{20DC264C-E6AB-45E5-AFA1-5824EBCCCEAD}.Debug|Any CPU.ActiveCfg = Debug|Any CPU
		{20DC264C-E6AB-45E5-AFA1-5824EBCCCEAD}.Debug|Any CPU.Build.0 = Debug|Any CPU
		{20DC264C-E6AB-45E5-AFA1-5824EBCCCEAD}.Debug|ARM.ActiveCfg = Debug|Any CPU
		{20DC264C-E6AB-45E5-AFA1-5824EBCCCEAD}.Debug|ARM.Build.0 = Debug|Any CPU
		{20DC264C-E6AB-45E5-AFA1-5824EBCCCEAD}.Debug|iPhone.ActiveCfg = Debug|Any CPU
		{20DC264C-E6AB-45E5-AFA1-5824EBCCCEAD}.Debug|iPhone.Build.0 = Debug|Any CPU
		{20DC264C-E6AB-45E5-AFA1-5824EBCCCEAD}.Debug|iPhoneSimulator.ActiveCfg = Debug|Any CPU
		{20DC264C-E6AB-45E5-AFA1-5824EBCCCEAD}.Debug|iPhoneSimulator.Build.0 = Debug|Any CPU
		{20DC264C-E6AB-45E5-AFA1-5824EBCCCEAD}.Debug|x64.ActiveCfg = Debug|Any CPU
		{20DC264C-E6AB-45E5-AFA1-5824EBCCCEAD}.Debug|x64.Build.0 = Debug|Any CPU
		{20DC264C-E6AB-45E5-AFA1-5824EBCCCEAD}.Debug|x86.ActiveCfg = Debug|Any CPU
		{20DC264C-E6AB-45E5-AFA1-5824EBCCCEAD}.Debug|x86.Build.0 = Debug|Any CPU
		{20DC264C-E6AB-45E5-AFA1-5824EBCCCEAD}.Release|Any CPU.ActiveCfg = Release|Any CPU
		{20DC264C-E6AB-45E5-AFA1-5824EBCCCEAD}.Release|Any CPU.Build.0 = Release|Any CPU
		{20DC264C-E6AB-45E5-AFA1-5824EBCCCEAD}.Release|ARM.ActiveCfg = Release|Any CPU
		{20DC264C-E6AB-45E5-AFA1-5824EBCCCEAD}.Release|ARM.Build.0 = Release|Any CPU
		{20DC264C-E6AB-45E5-AFA1-5824EBCCCEAD}.Release|iPhone.ActiveCfg = Release|Any CPU
		{20DC264C-E6AB-45E5-AFA1-5824EBCCCEAD}.Release|iPhone.Build.0 = Release|Any CPU
		{20DC264C-E6AB-45E5-AFA1-5824EBCCCEAD}.Release|iPhoneSimulator.ActiveCfg = Release|Any CPU
		{20DC264C-E6AB-45E5-AFA1-5824EBCCCEAD}.Release|iPhoneSimulator.Build.0 = Release|Any CPU
		{20DC264C-E6AB-45E5-AFA1-5824EBCCCEAD}.Release|x64.ActiveCfg = Release|Any CPU
		{20DC264C-E6AB-45E5-AFA1-5824EBCCCEAD}.Release|x64.Build.0 = Release|Any CPU
		{20DC264C-E6AB-45E5-AFA1-5824EBCCCEAD}.Release|x86.ActiveCfg = Release|Any CPU
		{20DC264C-E6AB-45E5-AFA1-5824EBCCCEAD}.Release|x86.Build.0 = Release|Any CPU
		{42F2308D-ECE7-4EDD-B7BF-E9BB262CFED7}.Ad-Hoc|Any CPU.ActiveCfg = Ad-Hoc|iPhone
		{42F2308D-ECE7-4EDD-B7BF-E9BB262CFED7}.Ad-Hoc|ARM.ActiveCfg = Ad-Hoc|iPhone
		{42F2308D-ECE7-4EDD-B7BF-E9BB262CFED7}.Ad-Hoc|iPhone.ActiveCfg = Ad-Hoc|iPhone
		{42F2308D-ECE7-4EDD-B7BF-E9BB262CFED7}.Ad-Hoc|iPhone.Build.0 = Ad-Hoc|iPhone
		{42F2308D-ECE7-4EDD-B7BF-E9BB262CFED7}.Ad-Hoc|iPhoneSimulator.ActiveCfg = Ad-Hoc|iPhoneSimulator
		{42F2308D-ECE7-4EDD-B7BF-E9BB262CFED7}.Ad-Hoc|iPhoneSimulator.Build.0 = Ad-Hoc|iPhoneSimulator
		{42F2308D-ECE7-4EDD-B7BF-E9BB262CFED7}.Ad-Hoc|x64.ActiveCfg = Ad-Hoc|iPhone
		{42F2308D-ECE7-4EDD-B7BF-E9BB262CFED7}.Ad-Hoc|x86.ActiveCfg = Ad-Hoc|iPhone
		{42F2308D-ECE7-4EDD-B7BF-E9BB262CFED7}.AppStore|Any CPU.ActiveCfg = AppStore|iPhone
		{42F2308D-ECE7-4EDD-B7BF-E9BB262CFED7}.AppStore|ARM.ActiveCfg = AppStore|iPhone
		{42F2308D-ECE7-4EDD-B7BF-E9BB262CFED7}.AppStore|iPhone.ActiveCfg = AppStore|iPhone
		{42F2308D-ECE7-4EDD-B7BF-E9BB262CFED7}.AppStore|iPhone.Build.0 = AppStore|iPhone
		{42F2308D-ECE7-4EDD-B7BF-E9BB262CFED7}.AppStore|iPhoneSimulator.ActiveCfg = AppStore|iPhoneSimulator
		{42F2308D-ECE7-4EDD-B7BF-E9BB262CFED7}.AppStore|iPhoneSimulator.Build.0 = AppStore|iPhoneSimulator
		{42F2308D-ECE7-4EDD-B7BF-E9BB262CFED7}.AppStore|x64.ActiveCfg = AppStore|iPhone
		{42F2308D-ECE7-4EDD-B7BF-E9BB262CFED7}.AppStore|x86.ActiveCfg = AppStore|iPhone
		{42F2308D-ECE7-4EDD-B7BF-E9BB262CFED7}.Debug|Any CPU.ActiveCfg = Debug|iPhone
		{42F2308D-ECE7-4EDD-B7BF-E9BB262CFED7}.Debug|ARM.ActiveCfg = Debug|iPhone
		{42F2308D-ECE7-4EDD-B7BF-E9BB262CFED7}.Debug|iPhone.ActiveCfg = Debug|iPhone
		{42F2308D-ECE7-4EDD-B7BF-E9BB262CFED7}.Debug|iPhone.Build.0 = Debug|iPhone
		{42F2308D-ECE7-4EDD-B7BF-E9BB262CFED7}.Debug|iPhoneSimulator.ActiveCfg = Debug|iPhoneSimulator
		{42F2308D-ECE7-4EDD-B7BF-E9BB262CFED7}.Debug|iPhoneSimulator.Build.0 = Debug|iPhoneSimulator
		{42F2308D-ECE7-4EDD-B7BF-E9BB262CFED7}.Debug|x64.ActiveCfg = Debug|iPhone
		{42F2308D-ECE7-4EDD-B7BF-E9BB262CFED7}.Debug|x86.ActiveCfg = Debug|iPhone
		{42F2308D-ECE7-4EDD-B7BF-E9BB262CFED7}.Release|Any CPU.ActiveCfg = Release|iPhone
		{42F2308D-ECE7-4EDD-B7BF-E9BB262CFED7}.Release|ARM.ActiveCfg = Release|iPhone
		{42F2308D-ECE7-4EDD-B7BF-E9BB262CFED7}.Release|iPhone.ActiveCfg = Release|iPhone
		{42F2308D-ECE7-4EDD-B7BF-E9BB262CFED7}.Release|iPhone.Build.0 = Release|iPhone
		{42F2308D-ECE7-4EDD-B7BF-E9BB262CFED7}.Release|iPhoneSimulator.ActiveCfg = Release|iPhoneSimulator
		{42F2308D-ECE7-4EDD-B7BF-E9BB262CFED7}.Release|iPhoneSimulator.Build.0 = Release|iPhoneSimulator
		{42F2308D-ECE7-4EDD-B7BF-E9BB262CFED7}.Release|x64.ActiveCfg = Release|iPhone
		{42F2308D-ECE7-4EDD-B7BF-E9BB262CFED7}.Release|x86.ActiveCfg = Release|iPhone
	EndGlobalSection
	GlobalSection(SolutionProperties) = preSolution
		HideSolutionNode = FALSE
	EndGlobalSection
EndGlobal
